
Microsoft Visual Studio Solution File, Format Version 11.00
# Visual Studio 2010
Project("{FAE04EC0-301F-11D3-BF4B-00C04F79EFBC}") = "QuickClassified", "QuickClassified\QuickClassified.csproj", "{ADE43F5A-53A1-47DA-8A3A-B1486B39376A}"
EndProject
Global
	GlobalSection(SolutionConfigurationPlatforms) = preSolution
		Debug|Any CPU = Debug|Any CPU
		Release|Any CPU = Release|Any CPU
	EndGlobalSection
	GlobalSection(ProjectConfigurationPlatforms) = postSolution
		{ADE43F5A-53A1-47DA-8A3A-B1486B39376A}.Debug|Any CPU.ActiveCfg = Debug|Any CPU
		{ADE43F5A-53A1-47DA-8A3A-B1486B39376A}.Debug|Any CPU.Build.0 = Debug|Any CPU
		{ADE43F5A-53A1-47DA-8A3A-B1486B39376A}.Release|Any CPU.ActiveCfg = Release|Any CPU
		{ADE43F5A-53A1-47DA-8A3A-B1486B39376A}.Release|Any CPU.Build.0 = Release|Any CPU
	EndGlobalSection
	GlobalSection(SolutionProperties) = preSolution
		HideSolutionNode = FALSE
	EndGlobalSection
EndGlobal
